
Microsoft Visual Studio Solution File, Format Version 12.00
# Visual Studio 2015
Project("{FAE04EC0-301F-11D3-BF4B-00C04F79EFBC}") = "CombatMaster", "CombatMaster.csproj", "{05339121-703C-8787-6A53-B4C1F45A7429}"
EndProject
Project("{FAE04EC0-301F-11D3-BF4B-00C04F79EFBC}") = "CombatMaster.Plugins", "CombatMaster.Plugins.csproj", "{D3ED1942-F819-195F-956F-4E29C911B50D}"
EndProject
Project("{FAE04EC0-301F-11D3-BF4B-00C04F79EFBC}") = "CombatMaster.Editor", "CombatMaster.Editor.csproj", "{B0B8C57D-34FC-42B2-6B9D-2A3CFA4145A2}"
EndProject
Global
	GlobalSection(SolutionConfigurationPlatforms) = preSolution
		Debug|Any CPU = Debug|Any CPU
		Release|Any CPU = Release|Any CPU
	EndGlobalSection
	GlobalSection(ProjectConfigurationPlatforms) = postSolution
		{05339121-703C-8787-6A53-B4C1F45A7429}.Debug|Any CPU.ActiveCfg = Debug|Any CPU
		{05339121-703C-8787-6A53-B4C1F45A7429}.Debug|Any CPU.Build.0 = Debug|Any CPU
		{05339121-703C-8787-6A53-B4C1F45A7429}.Release|Any CPU.ActiveCfg = Release|Any CPU
		{05339121-703C-8787-6A53-B4C1F45A7429}.Release|Any CPU.Build.0 = Release|Any CPU
		{D3ED1942-F819-195F-956F-4E29C911B50D}.Debug|Any CPU.ActiveCfg = Debug|Any CPU
		{D3ED1942-F819-195F-956F-4E29C911B50D}.Debug|Any CPU.Build.0 = Debug|Any CPU
		{D3ED1942-F819-195F-956F-4E29C911B50D}.Release|Any CPU.ActiveCfg = Release|Any CPU
		{D3ED1942-F819-195F-956F-4E29C911B50D}.Release|Any CPU.Build.0 = Release|Any CPU
		{B0B8C57D-34FC-42B2-6B9D-2A3CFA4145A2}.Debug|Any CPU.ActiveCfg = Debug|Any CPU
		{B0B8C57D-34FC-42B2-6B9D-2A3CFA4145A2}.Debug|Any CPU.Build.0 = Debug|Any CPU
		{B0B8C57D-34FC-42B2-6B9D-2A3CFA4145A2}.Release|Any CPU.ActiveCfg = Release|Any CPU
		{B0B8C57D-34FC-42B2-6B9D-2A3CFA4145A2}.Release|Any CPU.Build.0 = Release|Any CPU
	EndGlobalSection
	GlobalSection(SolutionProperties) = preSolution
		HideSolutionNode = FALSE
	EndGlobalSection
EndGlobal
